
Microsoft Visual Studio Solution File, Format Version 12.00
# Visual Studio Version 17
VisualStudioVersion = 17.6.33815.320
MinimumVisualStudioVersion = 10.0.40219.1
Project("{9A19103F-16F7-4668-BE54-9A1E7A4F7556}") = "SentimentAnalysis_Code_Avengers", "SentimentAnalysis_Code_Avengers\SentimentAnalysis_Code_Avengers.csproj", "{C44FA216-6A85-4BDB-8D3B-4F0B3913040E}"
EndProject
Global
	GlobalSection(SolutionConfigurationPlatforms) = preSolution
		Debug|Any CPU = Debug|Any CPU
		Release|Any CPU = Release|Any CPU
	EndGlobalSection
	GlobalSection(ProjectConfigurationPlatforms) = postSolution
		{C44FA216-6A85-4BDB-8D3B-4F0B3913040E}.Debug|Any CPU.ActiveCfg = Debug|Any CPU
		{C44FA216-6A85-4BDB-8D3B-4F0B3913040E}.Debug|Any CPU.Build.0 = Debug|Any CPU
		{C44FA216-6A85-4BDB-8D3B-4F0B3913040E}.Release|Any CPU.ActiveCfg = Release|Any CPU
		{C44FA216-6A85-4BDB-8D3B-4F0B3913040E}.Release|Any CPU.Build.0 = Release|Any CPU
	EndGlobalSection
	GlobalSection(SolutionProperties) = preSolution
		HideSolutionNode = FALSE
	EndGlobalSection
	GlobalSection(ExtensibilityGlobals) = postSolution
		SolutionGuid = {85B2DE49-1CB3-4C1B-9B8F-4568E4BDF4A6}
	EndGlobalSection
EndGlobal
